<?xml version="1.0" encoding="utf-8"?>
<Project ToolsVersion="4.0" xmlns="http://schemas.microsoft.com/developer/msbuild/2003">
  <ItemGroup>
    <Filter Include="Source Files">
      <UniqueIdentifier>{4FC737F1-C7A5-4376-A066-2A32D752A2FF}</UniqueIdentifier>
      <Extensions>cpp;c;cc;cxx;def;odl;idl;hpj;bat;asm;asmx</Extensions>
    </Filter>
    <Filter Include="Header Files">
      <UniqueIdentifier>{93995380-89BD-4b04-88EB-625FBE52EBFB}</UniqueIdentifier>
      <Extensions>h;hh;hpp;hxx;hm;inl;inc;xsd</Extensions>
    </Filter>
    <Filter Include="Resource Files">
      <UniqueIdentifier>{67DA6AB6-F800-4c08-8B7A-83BB121AAD01}</UniqueIdentifier>
      <Extensions>rc;ico;cur;bmp;dlg;rc2;rct;bin;rgs;gif;jpg;jpeg;jpe;resx;tiff;tif;png;wav;mfcribbon-ms</Extensions>
    </Filter>
    <Filter Include="Header Files\physics">
      <UniqueIdentifier>{f0354f10-6adf-411e-a8af-6d7b41f45f46}</UniqueIdentifier>
    </Filter>
    <Filter Include="Header Files\physics\colliders">
      <UniqueIdentifier>{3fe1e603-3c4f-41a9-a1a1-eae94fce99c9}</UniqueIdentifier>
    </Filter>
    <Filter Include="Source Files\physics">
      <UniqueIdentifier>{b2abbc08-cf39-41af-811a-3c0b5bbcccce}</UniqueIdentifier>
    </Filter>
    <Filter Include="Source Files\physics\colliders">
      <UniqueIdentifier>{9046f68f-15cb-4d70-b4c7-52d0dcd484cd}</UniqueIdentifier>
    </Filter>
    <Filter Include="Header Files\states">
      <UniqueIdentifier>{30676279-9f42-4d3d-9c5b-311fc45e543a}</UniqueIdentifier>
    </Filter>
    <Filter Include="Source Files\states">
      <UniqueIdentifier>{d432cbfc-f78a-4696-9690-f4d5c32d22d7}</UniqueIdentifier>
    </Filter>
    <Filter Include="Header Files\actors">
      <UniqueIdentifier>{8f4c2e52-8ae8-4fe1-b66a-a9dd1620eab3}</UniqueIdentifier>
    </Filter>
    <Filter Include="Source Files\actors">
      <UniqueIdentifier>{54d880f0-8189-4d5d-ab34-1af5713145b0}</UniqueIdentifier>
    </Filter>
  </ItemGroup>
  <ItemGroup>
    <ClCompile Include="main.cpp">
      <Filter>Source Files</Filter>
    </ClCompile>
    <ClCompile Include="util.cpp">
      <Filter>Source Files</Filter>
    </ClCompile>
    <ClCompile Include="shapes.cpp">
      <Filter>Source Files</Filter>
    </ClCompile>
    <ClCompile Include="physicsbody.cpp">
      <Filter>Source Files\physics</Filter>
    </ClCompile>
    <ClCompile Include="physicsmanager.cpp">
      <Filter>Source Files\physics</Filter>
    </ClCompile>
    <ClCompile Include="collider.cpp">
      <Filter>Source Files\physics\colliders</Filter>
    </ClCompile>
    <ClCompile Include="collideraabb.cpp">
      <Filter>Source Files\physics\colliders</Filter>
    </ClCompile>
    <ClCompile Include="objectpool.cpp">
      <Filter>Source Files</Filter>
    </ClCompile>
    <ClCompile Include="collidercone.cpp">
      <Filter>Source Files\physics\colliders</Filter>
    </ClCompile>
    <ClCompile Include="world.cpp">
      <Filter>Source Files</Filter>
    </ClCompile>
    <ClCompile Include="camera.cpp">
      <Filter>Source Files</Filter>
    </ClCompile>
    <ClCompile Include="basestate.cpp">
      <Filter>Source Files\states</Filter>
    </ClCompile>
    <ClCompile Include="actor.cpp">
      <Filter>Source Files\actors</Filter>
    </ClCompile>
    <ClCompile Include="box.cpp">
      <Filter>Source Files\actors</Filter>
    </ClCompile>
    <ClCompile Include="physicsactor.cpp">
      <Filter>Source Files\actors</Filter>
    </ClCompile>
    <ClCompile Include="game.cpp">
      <Filter>Source Files</Filter>
    </ClCompile>
    <ClCompile Include="gamehud.cpp">
      <Filter>Source Files</Filter>
    </ClCompile>
    <ClCompile Include="collidercylinder.cpp">
      <Filter>Source Files\physics\colliders</Filter>
    </ClCompile>
    <ClCompile Include="plane.cpp">
      <Filter>Source Files\actors</Filter>
    </ClCompile>
    <ClCompile Include="demostate.cpp">
      <Filter>Source Files\states</Filter>
    </ClCompile>
    <ClCompile Include="ball.cpp">
      <Filter>Source Files\actors</Filter>
    </ClCompile>
    <ClCompile Include="collidersphere.cpp">
      <Filter>Source Files\physics\colliders</Filter>
    </ClCompile>
    <ClCompile Include="gamestate.cpp">
      <Filter>Source Files\states</Filter>
    </ClCompile>
  </ItemGroup>
  <ItemGroup>
    <ClInclude Include="util.h">
      <Filter>Header Files</Filter>
    </ClInclude>
    <ClInclude Include="shapes.h">
      <Filter>Header Files</Filter>
    </ClInclude>
    <ClInclude Include="physicsbody.h">
      <Filter>Header Files\physics</Filter>
    </ClInclude>
    <ClInclude Include="collider.h">
      <Filter>Header Files\physics\colliders</Filter>
    </ClInclude>
    <ClInclude Include="collideraabb.h">
      <Filter>Header Files\physics\colliders</Filter>
    </ClInclude>
    <ClInclude Include="collidersphere.h">
      <Filter>Header Files\physics\colliders</Filter>
    </ClInclude>
    <ClInclude Include="physicsmanager.h">
      <Filter>Header Files\physics</Filter>
    </ClInclude>
    <ClInclude Include="physics.h">
      <Filter>Header Files\physics</Filter>
    </ClInclude>
    <ClInclude Include="collidercylinder.h">
      <Filter>Header Files\physics\colliders</Filter>
    </ClInclude>
    <ClInclude Include="objectpool.h">
      <Filter>Header Files</Filter>
    </ClInclude>
    <ClInclude Include="collidercone.h">
      <Filter>Header Files\physics\colliders</Filter>
    </ClInclude>
    <ClInclude Include="world.h">
      <Filter>Header Files</Filter>
    </ClInclude>
    <ClInclude Include="camera.h">
      <Filter>Header Files</Filter>
    </ClInclude>
    <ClInclude Include="basestate.h">
      <Filter>Header Files\states</Filter>
    </ClInclude>
    <ClInclude Include="actor.h">
      <Filter>Header Files\actors</Filter>
    </ClInclude>
    <ClInclude Include="box.h">
      <Filter>Header Files\actors</Filter>
    </ClInclude>
    <ClInclude Include="physicsactor.h">
      <Filter>Header Files\actors</Filter>
    </ClInclude>
    <ClInclude Include="game.h">
      <Filter>Header Files</Filter>
    </ClInclude>
    <ClInclude Include="gamehud.h">
      <Filter>Header Files</Filter>
    </ClInclude>
    <ClInclude Include="plane.h">
      <Filter>Header Files\actors</Filter>
    </ClInclude>
    <ClInclude Include="demostate.h">
      <Filter>Header Files\states</Filter>
    </ClInclude>
    <ClInclude Include="ball.h">
      <Filter>Header Files\actors</Filter>
    </ClInclude>
    <ClInclude Include="gamestate.h">
      <Filter>Header Files\states</Filter>
    </ClInclude>
  </ItemGroup>
</Project>